
Microsoft Visual Studio Solution File, Format Version 12.00
# Visual Studio 15
VisualStudioVersion = 15.0.28010.2026
MinimumVisualStudioVersion = 10.0.40219.1
Project("{FAE04EC0-301F-11D3-BF4B-00C04F79EFBC}") = "math-quiz-app-wforms", "math-quiz-app-wforms\math-quiz-app-wforms.csproj", "{D93BADE0-E097-4F07-977C-02F5CA1A9D85}"
EndProject
Global
	GlobalSection(SolutionConfigurationPlatforms) = preSolution
		Debug|Any CPU = Debug|Any CPU
		Release|Any CPU = Release|Any CPU
	EndGlobalSection
	GlobalSection(ProjectConfigurationPlatforms) = postSolution
		{D93BADE0-E097-4F07-977C-02F5CA1A9D85}.Debug|Any CPU.ActiveCfg = Debug|Any CPU
		{D93BADE0-E097-4F07-977C-02F5CA1A9D85}.Debug|Any CPU.Build.0 = Debug|Any CPU
		{D93BADE0-E097-4F07-977C-02F5CA1A9D85}.Release|Any CPU.ActiveCfg = Release|Any CPU
		{D93BADE0-E097-4F07-977C-02F5CA1A9D85}.Release|Any CPU.Build.0 = Release|Any CPU
	EndGlobalSection
	GlobalSection(SolutionProperties) = preSolution
		HideSolutionNode = FALSE
	EndGlobalSection
	GlobalSection(ExtensibilityGlobals) = postSolution
		SolutionGuid = {3BB2D189-06B3-4455-B691-2A23F4C58FF6}
	EndGlobalSection
EndGlobal
